lockVersion: 2.0.0
id: 5a857039-7f4b-42d5-86fd-449767242ed2
management:
  docChecksum: 10c003e2703033f6cf376ed52c7e9080
  docVersion: 1.0.0
  speakeasyVersion: internal
  generationVersion: 2.230.1
  configChecksum: c85a8b6811b9da011ad66351e371b9e0
  repoURL: https://github.com/epilot-dev/terraform-provider-epilot-product.git
  repoSubDirectory: .
  published: true
features:
  go:
    additionalProperties: 0.1.1
    constsAndDefaults: 0.1.1
    core: 3.1.4
    flattening: 2.81.1
    globalSecurity: 2.82.2
    globalServerURLs: 2.82.0
    unions: 2.85.0
  terraform:
    additionalProperties: 0.1.2
    constsAndDefaults: 0.1.2
    core: 3.8.1
    globalSecurity: 2.81.2
    globalServerURLs: 2.82.1
    inputOutputModels: 2.83.0
    unions: 2.81.7
generatedFiles:
  - internal/sdk/schemas.go
  - internal/sdk/sdk.go
  - examples/README.md
  - go.mod
  - go.sum
  - internal/planmodifiers/boolplanmodifier/suppress_diff.go
  - internal/planmodifiers/float64planmodifier/suppress_diff.go
  - internal/planmodifiers/int64planmodifier/suppress_diff.go
  - internal/planmodifiers/listplanmodifier/suppress_diff.go
  - internal/planmodifiers/mapplanmodifier/suppress_diff.go
  - internal/planmodifiers/numberplanmodifier/suppress_diff.go
  - internal/planmodifiers/objectplanmodifier/suppress_diff.go
  - internal/planmodifiers/setplanmodifier/suppress_diff.go
  - internal/planmodifiers/stringplanmodifier/suppress_diff.go
  - internal/planmodifiers/utils/state_check.go
  - internal/provider/reflect/diags.go
  - internal/provider/reflect/doc.go
  - internal/provider/reflect/generic_attr_value.go
  - internal/provider/reflect/helpers.go
  - internal/provider/reflect/interfaces.go
  - internal/provider/reflect/into.go
  - internal/provider/reflect/map.go
  - internal/provider/reflect/number.go
  - internal/provider/reflect/options.go
  - internal/provider/reflect/outof.go
  - internal/provider/reflect/pointer.go
  - internal/provider/reflect/primitive.go
  - internal/provider/reflect/slice.go
  - internal/provider/reflect/struct.go
  - internal/provider/utils.go
  - internal/sdk/pkg/models/sdkerrors/sdkerror.go
  - internal/sdk/pkg/types/bigint.go
  - internal/sdk/pkg/types/date.go
  - internal/sdk/pkg/types/datetime.go
  - internal/sdk/pkg/types/decimal.go
  - internal/sdk/pkg/types/pointers.go
  - internal/sdk/pkg/utils/contenttype.go
  - internal/sdk/pkg/utils/form.go
  - internal/sdk/pkg/utils/headers.go
  - internal/sdk/pkg/utils/json.go
  - internal/sdk/pkg/utils/pathparams.go
  - internal/sdk/pkg/utils/queryparams.go
  - internal/sdk/pkg/utils/requestbody.go
  - internal/sdk/pkg/utils/retries.go
  - internal/sdk/pkg/utils/security.go
  - internal/sdk/pkg/utils/utils.go
  - internal/validators/DateValidator.go
  - internal/validators/ExactlyOneChild.go
  - internal/validators/JSONParseValidator.go
  - internal/validators/RFC3339Validator.go
  - internal/validators/boolvalidators/not_null.go
  - internal/validators/float64validators/not_null.go
  - internal/validators/int64validators/not_null.go
  - internal/validators/listvalidators/not_null.go
  - internal/validators/mapvalidators/not_null.go
  - internal/validators/numbervalidators/not_null.go
  - internal/validators/objectvalidators/not_null.go
  - internal/validators/setvalidators/not_null.go
  - internal/validators/stringvalidators/not_null.go
  - main.go
  - terraform-registry-manifest.json
  - tools/tools.go
  - internal/sdk/pkg/models/operations/getschema.go
  - internal/sdk/pkg/models/operations/putschema.go
  - internal/sdk/pkg/models/operations/deleteschema.go
  - internal/sdk/pkg/models/operations/getschemaattribute.go
  - internal/sdk/pkg/models/operations/putschemaattribute.go
  - internal/sdk/pkg/models/operations/deleteschemaattribute.go
  - internal/sdk/pkg/models/operations/getschemacapability.go
  - internal/sdk/pkg/models/operations/putschemacapability.go
  - internal/sdk/pkg/models/operations/deleteschemacapability.go
  - internal/sdk/pkg/models/shared/entityschemaitem.go
  - internal/sdk/pkg/models/shared/searchmappings.go
  - internal/sdk/pkg/models/shared/attribute.go
  - internal/sdk/pkg/models/shared/textattribute.go
  - internal/sdk/pkg/models/shared/settingflag.go
  - internal/sdk/pkg/models/shared/linkattribute.go
  - internal/sdk/pkg/models/shared/dateattribute.go
  - internal/sdk/pkg/models/shared/countryattribute.go
  - internal/sdk/pkg/models/shared/booleanattribute.go
  - internal/sdk/pkg/models/shared/selectattribute.go
  - internal/sdk/pkg/models/shared/multiselectattribute.go
  - internal/sdk/pkg/models/shared/statusattribute.go
  - internal/sdk/pkg/models/shared/sequenceattribute.go
  - internal/sdk/pkg/models/shared/relationattribute.go
  - internal/sdk/pkg/models/shared/summaryfield.go
  - internal/sdk/pkg/models/shared/entityacl.go
  - internal/sdk/pkg/models/shared/entityowner.go
  - internal/sdk/pkg/models/shared/userrelationattribute.go
  - internal/sdk/pkg/models/shared/addressrelationattribute.go
  - internal/sdk/pkg/models/shared/paymentmethodrelationattribute.go
  - internal/sdk/pkg/models/shared/currencyattribute.go
  - internal/sdk/pkg/models/shared/repeatableattribute.go
  - internal/sdk/pkg/models/shared/tagsattribute.go
  - internal/sdk/pkg/models/shared/numberattribute.go
  - internal/sdk/pkg/models/shared/consentattribute.go
  - internal/sdk/pkg/models/shared/internalattribute.go
  - internal/sdk/pkg/models/shared/orderedlistattribute.go
  - internal/sdk/pkg/models/shared/fileattribute.go
  - internal/sdk/pkg/models/shared/computedattribute.go
  - internal/sdk/pkg/models/shared/partnerstatusattribute.go
  - internal/sdk/pkg/models/shared/invitationemailattribute.go
  - internal/sdk/pkg/models/shared/automationattribute.go
  - internal/sdk/pkg/models/shared/internaluserattribute.go
  - internal/sdk/pkg/models/shared/purposeattribute.go
  - internal/sdk/pkg/models/shared/partnerorganisationattribute.go
  - internal/sdk/pkg/models/shared/entitycapability.go
  - internal/sdk/pkg/models/shared/entityaction.go
  - internal/sdk/pkg/models/shared/summaryattribute.go
  - internal/sdk/pkg/models/shared/entitydefaultedit.go
  - internal/sdk/pkg/models/shared/redirectentityview.go
  - internal/sdk/pkg/models/shared/entityviewdisabled.go
  - internal/sdk/pkg/models/shared/entitydefaultcreate.go
  - internal/sdk/pkg/models/shared/entitydefaulttable.go
  - internal/sdk/pkg/models/shared/entityschema.go
  - internal/sdk/pkg/models/shared/attributewithcompositeid.go
  - internal/sdk/pkg/models/shared/entitycapabilitywithcompositeid.go
  - internal/sdk/pkg/models/shared/security.go
