lockVersion: 2.0.0
id: 1300c9c0-985d-410d-a64e-d96ec26c685a
management:
  docChecksum: 7213340d0ab6e744a09d319e3d64f16a
  docVersion: 1.0.0
  speakeasyVersion: 1.330.0
  generationVersion: 2.361.10
  releaseVersion: 0.7.0
  configChecksum: 1a175cf43d73882401b3e4f007fac1ec
  repoURL: https://github.com/epilot-dev/terraform-provider-epilot-schema.git
  repoSubDirectory: .
  published: true
features:
  terraform:
    additionalDependencies: 0.1.0
    additionalProperties: 0.1.2
    constsAndDefaults: 0.1.4
    core: 3.23.3
    deprecations: 2.81.1
    globalSecurity: 2.81.6
    globalServerURLs: 2.82.1
    inputOutputModels: 2.83.0
    nullables: 0.0.0
    retries: 2.81.1
    typeOverrides: 2.81.1
    unions: 2.81.15
generatedFiles:
  - internal/sdk/schemas.go
  - internal/sdk/entities.go
  - internal/sdk/activity.go
  - internal/sdk/relations.go
  - internal/sdk/export.go
  - internal/sdk/entityimport.go
  - internal/sdk/savedviews.go
  - internal/sdk/taxonomy.go
  - internal/sdk/elasticclusterassignment.go
  - internal/sdk/internal.go
  - internal/sdk/sdk.go
  - internal/sdk/models/errors/sdkerror.go
  - internal/sdk/retry/config.go
  - internal/sdk/types/bigint.go
  - internal/sdk/types/date.go
  - internal/sdk/types/datetime.go
  - internal/sdk/types/decimal.go
  - internal/sdk/types/pointers.go
  - internal/sdk/internal/utils/contenttype.go
  - internal/sdk/internal/utils/form.go
  - internal/sdk/internal/utils/headers.go
  - internal/sdk/internal/utils/json.go
  - internal/sdk/internal/utils/pathparams.go
  - internal/sdk/internal/utils/queryparams.go
  - internal/sdk/internal/utils/requestbody.go
  - internal/sdk/internal/utils/retries.go
  - internal/sdk/internal/utils/security.go
  - internal/sdk/internal/utils/utils.go
  - internal/sdk/models/operations/listschemas.go
  - internal/sdk/models/operations/getschema.go
  - internal/sdk/models/operations/putschema.go
  - internal/sdk/models/operations/deleteschema.go
  - internal/sdk/models/operations/getjsonschema.go
  - internal/sdk/models/operations/getschemaexample.go
  - internal/sdk/models/operations/getschemaversions.go
  - internal/sdk/models/operations/listschemablueprints.go
  - internal/sdk/models/operations/listtaxonomyclassificationsforschema.go
  - internal/sdk/models/operations/getschemaattribute.go
  - internal/sdk/models/operations/putschemaattribute.go
  - internal/sdk/models/operations/deleteschemaattribute.go
  - internal/sdk/models/operations/getschemacapability.go
  - internal/sdk/models/operations/putschemacapability.go
  - internal/sdk/models/operations/deleteschemacapability.go
  - internal/sdk/models/operations/getschemagroup.go
  - internal/sdk/models/operations/putschemagroup.go
  - internal/sdk/models/operations/deleteschemagroup.go
  - internal/sdk/models/operations/searchentities.go
  - internal/sdk/models/operations/listentities.go
  - internal/sdk/models/operations/createentity.go
  - internal/sdk/models/operations/validateentity.go
  - internal/sdk/models/operations/upsertentity.go
  - internal/sdk/models/operations/getentityv2.go
  - internal/sdk/models/operations/getentity.go
  - internal/sdk/models/operations/updateentity.go
  - internal/sdk/models/operations/patchentity.go
  - internal/sdk/models/operations/deleteentity.go
  - internal/sdk/models/operations/autocomplete.go
  - internal/sdk/models/operations/createactivity.go
  - internal/sdk/models/operations/getactivity.go
  - internal/sdk/models/operations/attachactivity.go
  - internal/sdk/models/operations/getentityactivityfeed.go
  - internal/sdk/models/operations/getrelations.go
  - internal/sdk/models/operations/addrelations.go
  - internal/sdk/models/operations/getrelationsv2.go
  - internal/sdk/models/operations/getrelationsv3.go
  - internal/sdk/models/operations/getrelatedentitiescount.go
  - internal/sdk/models/operations/updaterelation.go
  - internal/sdk/models/operations/deleterelation.go
  - internal/sdk/models/operations/exportentities.go
  - internal/sdk/models/operations/importentities.go
  - internal/sdk/models/operations/listsavedviews.go
  - internal/sdk/models/operations/createsavedview.go
  - internal/sdk/models/operations/getsavedview.go
  - internal/sdk/models/operations/updatesavedview.go
  - internal/sdk/models/operations/deletesavedview.go
  - internal/sdk/models/operations/listfavoriteviewsforuser.go
  - internal/sdk/models/operations/listtaxonomies.go
  - internal/sdk/models/operations/createtaxonomy.go
  - internal/sdk/models/operations/gettaxonomy.go
  - internal/sdk/models/operations/updatetaxonomy.go
  - internal/sdk/models/operations/deletetaxonomy.go
  - internal/sdk/models/operations/taxonomyautocomplete.go
  - internal/sdk/models/operations/taxonomiesclassificationssearch.go
  - internal/sdk/models/operations/updateclassificationsfortaxonomy.go
  - internal/sdk/models/operations/createtaxonomyclassification.go
  - internal/sdk/models/operations/updatetaxonomyclassification.go
  - internal/sdk/models/operations/deletetaxonomyclassification.go
  - internal/sdk/models/operations/getelasticclusterfororg.go
  - internal/sdk/models/shared/entityschemaitem.go
  - internal/sdk/models/shared/searchmappings.go
  - internal/sdk/models/shared/attribute.go
  - internal/sdk/models/shared/textattribute.go
  - internal/sdk/models/shared/settingflag.go
  - internal/sdk/models/shared/linkattribute.go
  - internal/sdk/models/shared/dateattribute.go
  - internal/sdk/models/shared/countryattribute.go
  - internal/sdk/models/shared/booleanattribute.go
  - internal/sdk/models/shared/selectattribute.go
  - internal/sdk/models/shared/multiselectattribute.go
  - internal/sdk/models/shared/statusattribute.go
  - internal/sdk/models/shared/sequenceattribute.go
  - internal/sdk/models/shared/relationattribute.go
  - internal/sdk/models/shared/summaryfield.go
  - internal/sdk/models/shared/entityacl.go
  - internal/sdk/models/shared/entityowner.go
  - internal/sdk/models/shared/userrelationattribute.go
  - internal/sdk/models/shared/addressrelationattribute.go
  - internal/sdk/models/shared/paymentmethodrelationattribute.go
  - internal/sdk/models/shared/currencyattribute.go
  - internal/sdk/models/shared/repeatableattribute.go
  - internal/sdk/models/shared/tagsattribute.go
  - internal/sdk/models/shared/numberattribute.go
  - internal/sdk/models/shared/consentattribute.go
  - internal/sdk/models/shared/internalattribute.go
  - internal/sdk/models/shared/orderedlistattribute.go
  - internal/sdk/models/shared/fileattribute.go
  - internal/sdk/models/shared/computedattribute.go
  - internal/sdk/models/shared/partnerstatusattribute.go
  - internal/sdk/models/shared/invitationemailattribute.go
  - internal/sdk/models/shared/automationattribute.go
  - internal/sdk/models/shared/internaluserattribute.go
  - internal/sdk/models/shared/purposeattribute.go
  - internal/sdk/models/shared/partnerorganisationattribute.go
  - internal/sdk/models/shared/entityschemagroup.go
  - internal/sdk/models/shared/entitycapability.go
  - internal/sdk/models/shared/entityaction.go
  - internal/sdk/models/shared/summaryattribute.go
  - internal/sdk/models/shared/entitydefaultedit.go
  - internal/sdk/models/shared/redirectentityview.go
  - internal/sdk/models/shared/entityviewdisabled.go
  - internal/sdk/models/shared/entitydefaultcreate.go
  - internal/sdk/models/shared/entitydefaulttable.go
  - internal/sdk/models/shared/attributeinput.go
  - internal/sdk/models/shared/taxonomyclassification.go
  - internal/sdk/models/shared/attributewithcompositeid.go
  - internal/sdk/models/shared/entitycapabilitywithcompositeid.go
  - internal/sdk/models/shared/entityschemagroupwithcompositeid.go
  - internal/sdk/models/shared/entitysearchresults.go
  - internal/sdk/models/shared/entityitem.go
  - internal/sdk/models/shared/entitysearchparams.go
  - internal/sdk/models/shared/entitylistparams.go
  - internal/sdk/models/shared/searchfilter.go
  - internal/sdk/models/shared/searchfiltervalue.go
  - internal/sdk/models/shared/entityinput.go
  - internal/sdk/models/shared/entityvalidationresulterror.go
  - internal/sdk/models/shared/entityvalidationerror.go
  - internal/sdk/models/shared/entityvalidationresultsuccess.go
  - internal/sdk/models/shared/baseactivityitem.go
  - internal/sdk/models/shared/activitycallercontext.go
  - internal/sdk/models/shared/activity.go
  - internal/sdk/models/shared/activityitem.go
  - internal/sdk/models/shared/entityoperation.go
  - internal/sdk/models/shared/entity.go
  - internal/sdk/models/shared/getrelationsresp.go
  - internal/sdk/models/shared/relationitem.go
  - internal/sdk/models/shared/relationentity.go
  - internal/sdk/models/shared/getrelationsrespwithpagination.go
  - internal/sdk/models/shared/entityrelationsmodequeryparam.go
  - internal/sdk/models/shared/getrelatedentitiescount.go
  - internal/sdk/models/shared/entityimportparams.go
  - internal/sdk/models/shared/listsavedviewsresults.go
  - internal/sdk/models/shared/savedviewitem.go
  - internal/sdk/models/shared/savedview.go
  - internal/sdk/models/shared/taxonomy.go
  - internal/sdk/models/shared/classificationsupdate.go
  - internal/sdk/models/shared/esclusterassignment.go
  - internal/sdk/models/shared/security.go
  - internal/sdk/.gitignore
  - internal/sdk/models/operations/options.go
  - internal/sdk/.gitattributes
  - internal/sdk/internal/hooks/registration.go
  - internal/sdk/internal/hooks/hooks.go
  - examples/README.md
  - go.mod
  - go.sum
  - internal/planmodifiers/boolplanmodifier/suppress_diff.go
  - internal/planmodifiers/float64planmodifier/suppress_diff.go
  - internal/planmodifiers/int64planmodifier/suppress_diff.go
  - internal/planmodifiers/listplanmodifier/suppress_diff.go
  - internal/planmodifiers/mapplanmodifier/suppress_diff.go
  - internal/planmodifiers/numberplanmodifier/suppress_diff.go
  - internal/planmodifiers/objectplanmodifier/suppress_diff.go
  - internal/planmodifiers/setplanmodifier/suppress_diff.go
  - internal/planmodifiers/stringplanmodifier/suppress_diff.go
  - internal/planmodifiers/utils/state_check.go
  - internal/provider/reflect/diags.go
  - internal/provider/reflect/doc.go
  - internal/provider/reflect/generic_attr_value.go
  - internal/provider/reflect/helpers.go
  - internal/provider/reflect/interfaces.go
  - internal/provider/reflect/into.go
  - internal/provider/reflect/map.go
  - internal/provider/reflect/number.go
  - internal/provider/reflect/options.go
  - internal/provider/reflect/outof.go
  - internal/provider/reflect/pointer.go
  - internal/provider/reflect/primitive.go
  - internal/provider/reflect/slice.go
  - internal/provider/reflect/struct.go
  - internal/provider/utils.go
  - internal/validators/DateValidator.go
  - internal/validators/ExactlyOneChild.go
  - internal/validators/JSONParseValidator.go
  - internal/validators/RFC3339Validator.go
  - internal/validators/boolvalidators/not_null.go
  - internal/validators/float64validators/not_null.go
  - internal/validators/int64validators/not_null.go
  - internal/validators/listvalidators/not_null.go
  - internal/validators/mapvalidators/not_null.go
  - internal/validators/numbervalidators/not_null.go
  - internal/validators/objectvalidators/not_null.go
  - internal/validators/setvalidators/not_null.go
  - internal/validators/stringvalidators/not_null.go
  - main.go
  - terraform-registry-manifest.json
  - tools/tools.go
  - internal/provider/types/address_relation_attribute_constraints.go
  - internal/provider/types/address_relation_attribute_info_helpers.go
  - internal/provider/types/setting_flag.go
  - internal/provider/types/address_relation_attribute.go
  - internal/provider/types/automation_attribute.go
  - internal/provider/types/boolean_attribute.go
  - internal/provider/types/computed_attribute.go
  - internal/provider/types/consent_attribute.go
  - internal/provider/types/country_attribute.go
  - internal/provider/types/one.go
  - internal/provider/types/currency.go
  - internal/provider/types/currency_attribute.go
  - internal/provider/types/date_attribute.go
  - internal/provider/types/file_attribute.go
  - internal/provider/types/internal_attribute.go
  - internal/provider/types/internal_user_attribute.go
  - internal/provider/types/invitation_email_attribute.go
  - internal/provider/types/link_attribute.go
  - internal/provider/types/two.go
  - internal/provider/types/options.go
  - internal/provider/types/multi_select_attribute.go
  - internal/provider/types/number_attribute.go
  - internal/provider/types/ordered_list_attribute.go
  - internal/provider/types/partner_organisation_attribute.go
  - internal/provider/types/partner_status_attribute.go
  - internal/provider/types/payment_method_relation_attribute.go
  - internal/provider/types/purpose_attribute.go
  - internal/provider/types/entity_acl.go
  - internal/provider/types/entity_owner.go
  - internal/provider/types/relation_attribute_new_entity_item.go
  - internal/provider/types/actions.go
  - internal/provider/types/summary_field.go
  - internal/provider/types/summary_fields.go
  - internal/provider/types/relation_attribute.go
  - internal/provider/types/repeatable_attribute.go
  - internal/provider/types/select_attribute.go
  - internal/provider/types/sequence_attribute.go
  - internal/provider/types/status_attribute.go
  - internal/provider/types/tags_attribute.go
  - internal/provider/types/text_attribute.go
  - internal/provider/types/user_relation_attribute.go
  - internal/provider/types/attribute.go
  - internal/provider/types/required_permission.go
  - internal/provider/types/ui_hooks.go
  - internal/provider/types/entity_capability.go
  - internal/provider/types/search_mappings.go
  - internal/provider/types/info_tooltip_title.go
  - internal/provider/types/entity_schema_group.go
  - internal/provider/types/layout_settings.go
  - internal/provider/types/source.go
  - internal/provider/types/entity_default_create.go
  - internal/provider/types/entity_view_disabled.go
  - internal/provider/types/redirect_entity_view.go
  - internal/provider/types/create_view.go
  - internal/provider/types/entity_default_edit.go
  - internal/provider/types/edit_view.go
  - internal/provider/types/entity_action.go
  - internal/provider/types/summary_attribute.go
  - internal/provider/types/summary_attributes.go
  - internal/provider/types/list_item.go
  - internal/provider/types/sharing.go
  - internal/provider/types/bulk_actions.go
  - internal/provider/types/entity_default_table_options.go
  - internal/provider/types/navbar_actions.go
  - internal/provider/types/entity_default_table.go
  - internal/provider/types/table_view.go
  - internal/provider/types/ui_config.go
  - internal/provider/types/attribute_with_composite_id_address_relation_attribute.go
  - internal/provider/types/attribute_with_composite_id_automation_attribute.go
  - internal/provider/types/attribute_with_composite_id_boolean_attribute.go
  - internal/provider/types/attribute_with_composite_id_computed_attribute.go
  - internal/provider/types/attribute_with_composite_id_consent_attribute.go
  - internal/provider/types/attribute_with_composite_id_country_attribute.go
  - internal/provider/types/attribute_with_composite_id_currency_attribute.go
  - internal/provider/types/attribute_with_composite_id_date_attribute.go
  - internal/provider/types/attribute_with_composite_id_file_attribute.go
  - internal/provider/types/attribute_with_composite_id_internal_attribute.go
  - internal/provider/types/attribute_with_composite_id_internal_user_attribute.go
  - internal/provider/types/attribute_with_composite_id_invitation_email_attribute.go
  - internal/provider/types/attribute_with_composite_id_link_attribute.go
  - internal/provider/types/attribute_with_composite_id_multi_select_attribute.go
  - internal/provider/types/attribute_with_composite_id_number_attribute.go
  - internal/provider/types/attribute_with_composite_id_ordered_list_attribute.go
  - internal/provider/types/attribute_with_composite_id_partner_organisation_attribute.go
  - internal/provider/types/attribute_with_composite_id_partner_status_attribute.go
  - internal/provider/types/attribute_with_composite_id_payment_method_relation_attribute.go
  - internal/provider/types/attribute_with_composite_id_purpose_attribute.go
  - internal/provider/types/attribute_with_composite_id_relation_attribute.go
  - internal/provider/types/attribute_with_composite_id_repeatable_attribute.go
  - internal/provider/types/attribute_with_composite_id_select_attribute.go
  - internal/provider/types/attribute_with_composite_id_sequence_attribute.go
  - internal/provider/types/attribute_with_composite_id_status_attribute.go
  - internal/provider/types/attribute_with_composite_id_tags_attribute.go
  - internal/provider/types/attribute_with_composite_id_text_attribute.go
  - internal/provider/types/attribute_with_composite_id_user_relation_attribute.go
  - USAGE.md
  - internal/provider/provider.go
  - examples/provider/provider.tf
  - examples/resources/epilot-schema_schema/import.sh
  - internal/provider/schema_resource.go
  - internal/provider/schema_resource_sdk.go
  - examples/resources/epilot-schema_schema/resource.tf
  - examples/resources/epilot-schema_schema_attribute/import.sh
  - internal/provider/schemaattribute_resource.go
  - internal/provider/schemaattribute_resource_sdk.go
  - examples/resources/epilot-schema_schema_attribute/resource.tf
  - examples/resources/epilot-schema_schema_group/import.sh
  - internal/provider/schemagroup_resource.go
  - internal/provider/schemagroup_resource_sdk.go
  - examples/resources/epilot-schema_schema_group/resource.tf
  - internal/provider/schema_data_source.go
  - internal/provider/schema_data_source_sdk.go
  - examples/data-sources/epilot-schema_schema/data-source.tf
  - internal/provider/schemaattribute_data_source.go
  - internal/provider/schemaattribute_data_source_sdk.go
  - examples/data-sources/epilot-schema_schema_attribute/data-source.tf
  - internal/provider/schemagroup_data_source.go
  - internal/provider/schemagroup_data_source_sdk.go
  - examples/data-sources/epilot-schema_schema_group/data-source.tf
  - .gitattributes
