speakeasyVersion: 1.761.6
sources:
    schema:
        sourceNamespace: schema
        sourceRevisionDigest: sha256:26f0e7d0e9f3a58f18431008dac85808e2dddac1c034508c19a454fc90303a22
        sourceBlobDigest: sha256:fae8ff90c14ab35b226cf6a63ca7126314f1d5d6ec653d40747209d93669cb0a
        tags:
            - latest
            - 2.8.0
targets:
    terraform:
        source: schema
        sourceNamespace: schema
        sourceRevisionDigest: sha256:26f0e7d0e9f3a58f18431008dac85808e2dddac1c034508c19a454fc90303a22
        sourceBlobDigest: sha256:fae8ff90c14ab35b226cf6a63ca7126314f1d5d6ec653d40747209d93669cb0a
workflow:
    workflowVersion: 1.0.0
    speakeasyVersion: latest
    sources:
        schema:
            inputs:
                - location: https://docs.api.epilot.io/entity.yaml
            overlays:
                - location: overlay.yaml
            registry:
                location: registry.speakeasyapi.dev/epilot/epilot/schema
    targets:
        terraform:
            target: terraform
            source: schema
            output: .
