speakeasyVersion: 1.684.1
sources:
    schema:
        sourceNamespace: schema
        sourceRevisionDigest: sha256:81525e8a2463cdada50fbc9ed3716cc9dee7a5a997c11628feae0c0a7ace888c
        sourceBlobDigest: sha256:a777da13518a5f32e7a65873a9ee182658f23ebe84fd0a2ace8a6514e48ce9f5
        tags:
            - latest
            - speakeasy-sdk-regen-1768263700
            - 2.6.0
targets:
    terraform:
        source: schema
        sourceNamespace: schema
        sourceRevisionDigest: sha256:81525e8a2463cdada50fbc9ed3716cc9dee7a5a997c11628feae0c0a7ace888c
        sourceBlobDigest: sha256:a777da13518a5f32e7a65873a9ee182658f23ebe84fd0a2ace8a6514e48ce9f5
workflow:
    workflowVersion: 1.0.0
    speakeasyVersion: latest
    sources:
        schema:
            inputs:
                - location: https://docs.api.epilot.io/entity.yaml
            overlays:
                - location: overlay.yaml
            registry:
                location: registry.speakeasyapi.dev/epilot/epilot/schema
    targets:
        terraform:
            target: terraform
            source: schema
            output: .
